
Microsoft Visual Studio Solution File, Format Version 12.00
# Visual Studio 15
VisualStudioVersion = 15.0.28307.106
MinimumVisualStudioVersion = 10.0.40219.1
Project("{FAE04EC0-301F-11D3-BF4B-00C04F79EFBC}") = "Inky.Gamey", "Inky.Gamey\Inky.Gamey.csproj", "{800357C2-C565-41A9-A1D3-E389854CC97D}"
EndProject
Global
	GlobalSection(SolutionConfigurationPlatforms) = preSolution
		Debug|Any CPU = Debug|Any CPU
		Release|Any CPU = Release|Any CPU
	EndGlobalSection
	GlobalSection(ProjectConfigurationPlatforms) = postSolution
		{800357C2-C565-41A9-A1D3-E389854CC97D}.Debug|Any CPU.ActiveCfg = Debug|Any CPU
		{800357C2-C565-41A9-A1D3-E389854CC97D}.Debug|Any CPU.Build.0 = Debug|Any CPU
		{800357C2-C565-41A9-A1D3-E389854CC97D}.Release|Any CPU.ActiveCfg = Release|Any CPU
		{800357C2-C565-41A9-A1D3-E389854CC97D}.Release|Any CPU.Build.0 = Release|Any CPU
	EndGlobalSection
	GlobalSection(SolutionProperties) = preSolution
		HideSolutionNode = FALSE
	EndGlobalSection
	GlobalSection(ExtensibilityGlobals) = postSolution
		SolutionGuid = {711ADD19-389D-49A3-9263-0FDA5D791789}
	EndGlobalSection
EndGlobal
